
Microsoft Visual Studio Solution File, Format Version 12.00
# Visual Studio Version 16
VisualStudioVersion = 16.0.30225.117
MinimumVisualStudioVersion = 10.0.40219.1
Project("{FAE04EC0-301F-11D3-BF4B-00C04F79EFBC}") = "AuditWeb", "AuditWeb.csproj", "{C8A4BA49-64D4-47BC-A140-C766578222D5}"
EndProject
Global
	GlobalSection(SolutionConfigurationPlatforms) = preSolution
		Debug|Any CPU = Debug|Any CPU
		Release|Any CPU = Release|Any CPU
	EndGlobalSection
	GlobalSection(ProjectConfigurationPlatforms) = postSolution
		{C8A4BA49-64D4-47BC-A140-C766578222D5}.Debug|Any CPU.ActiveCfg = Debug|Any CPU
		{C8A4BA49-64D4-47BC-A140-C766578222D5}.Debug|Any CPU.Build.0 = Debug|Any CPU
		{C8A4BA49-64D4-47BC-A140-C766578222D5}.Release|Any CPU.ActiveCfg = Release|Any CPU
		{C8A4BA49-64D4-47BC-A140-C766578222D5}.Release|Any CPU.Build.0 = Release|Any CPU
	EndGlobalSection
	GlobalSection(SolutionProperties) = preSolution
		HideSolutionNode = FALSE
	EndGlobalSection
	GlobalSection(ExtensibilityGlobals) = postSolution
		SolutionGuid = {0A94EA19-BCFA-49E0-BBFE-23A74F215848}
	EndGlobalSection
EndGlobal
